// !$*UTF8*$!
{
	archiveVersion = 1;
	classes = {
	};
	objectVersion = 46;
	objects = {

/* Begin PBXBuildFile section */
		12F469A0CAD50B1D14E1CE24 /* Pods_Client.framework in Frameworks */ = {isa = PBXBuildFile; fileRef = D49076C0385C35E433EF5D6B /* Pods_Client.framework */; };
		47EEEE821F296F1C0015BA6C /* AppDelegate.swift in Sources */ = {isa = PBXBuildFile; fileRef = 47EEEE811F296F1C0015BA6C /* AppDelegate.swift */; };
		47EEEE841F296F1C0015BA6C /* ViewController.swift in Sources */ = {isa = PBXBuildFile; fileRef = 47EEEE831F296F1C0015BA6C /* ViewController.swift */; };
		47EEEE871F296F1C0015BA6C /* Main.storyboard in Resources */ = {isa = PBXBuildFile; fileRef = 47EEEE851F296F1C0015BA6C /* Main.storyboard */; };
		47EEEE891F296F1C0015BA6C /* Assets.xcassets in Resources */ = {isa = PBXBuildFile; fileRef = 47EEEE881F296F1C0015BA6C /* Assets.xcassets */; };
		47EEEE8C1F296F1C0015BA6C /* LaunchScreen.storyboard in Resources */ = {isa = PBXBuildFile; fileRef = 47EEEE8A1F296F1C0015BA6C /* LaunchScreen.storyboard */; };
		47EEEE971F296F1C0015BA6C /* ClientTests.swift in Sources */ = {isa = PBXBuildFile; fileRef = 47EEEE961F296F1C0015BA6C /* ClientTests.swift */; };
		47EEEEA21F296F1C0015BA6C /* ClientUITests.swift in Sources */ = {isa = PBXBuildFile; fileRef = 47EEEEA11F296F1C0015BA6C /* ClientUITests.swift */; };
		47EEEEB61F296F850015BA6C /* ysocket.swift in Sources */ = {isa = PBXBuildFile; fileRef = 47EEEEB11F296F850015BA6C /* ysocket.swift */; };
		47EEEEB71F296F850015BA6C /* ytcpsocket.c in Sources */ = {isa = PBXBuildFile; fileRef = 47EEEEB21F296F850015BA6C /* ytcpsocket.c */; };
		47EEEEB81F296F850015BA6C /* ytcpsocket.swift in Sources */ = {isa = PBXBuildFile; fileRef = 47EEEEB31F296F850015BA6C /* ytcpsocket.swift */; };
		47EEEEB91F296F850015BA6C /* yudpsocket.c in Sources */ = {isa = PBXBuildFile; fileRef = 47EEEEB41F296F850015BA6C /* yudpsocket.c */; };
		47EEEEBA1F296F850015BA6C /* yudpsocket.swift in Sources */ = {isa = PBXBuildFile; fileRef = 47EEEEB51F296F850015BA6C /* yudpsocket.swift */; };
		47EEEEBC1F296FCC0015BA6C /* JQSocket.swift in Sources */ = {isa = PBXBuildFile; fileRef = 47EEEEBB1F296FCC0015BA6C /* JQSocket.swift */; };
		47EEEEC71F2976E00015BA6C /* IMMessage.proto in Resources */ = {isa = PBXBuildFile; fileRef = 47EEEEC51F2976E00015BA6C /* IMMessage.proto */; };
		47EEEEC81F2976E00015BA6C /* Immessage.proto.swift in Sources */ = {isa = PBXBuildFile; fileRef = 47EEEEC61F2976E00015BA6C /* Immessage.proto.swift */; };
/* End PBXBuildFile section */

/* Begin PBXContainerItemProxy section */
		47EEEE931F296F1C0015BA6C /* PBXContainerItemProxy */ = {
			isa = PBXContainerItemProxy;
			containerPortal = 47EEEE761F296F1C0015BA6C /* Project object */;
			proxyType = 1;
			remoteGlobalIDString = 47EEEE7D1F296F1C0015BA6C;
			remoteInfo = Client;
		};
		47EEEE9E1F296F1C0015BA6C /* PBXContainerItemProxy */ = {
			isa = PBXContainerItemProxy;
			containerPortal = 47EEEE761F296F1C0015BA6C /* Project object */;
			proxyType = 1;
			remoteGlobalIDString = 47EEEE7D1F296F1C0015BA6C;
			remoteInfo = Client;
		};
/* End PBXContainerItemProxy section */

/* Begin PBXFileReference section */
		2C5CB037EEFD133C916A5804 /* Pods_ClientUITests.framework */ = {isa = PBXFileReference; explicitFileType = wrapper.framework; includeInIndex = 0; path = Pods_ClientUITests.framework; sourceTree = BUILT_PRODUCTS_DIR; };
		47EEEE7E1F296F1C0015BA6C /* Client.app */ = {isa = PBXFileReference; explicitFileType = wrapper.application; includeInIndex = 0; path = Client.app; sourceTree = BUILT_PRODUCTS_DIR; };
		47EEEE811F296F1C0015BA6C /* AppDelegate.swift */ = {isa = PBXFileReference; lastKnownFileType = sourcecode.swift; path = AppDelegate.swift; sourceTree = "<group>"; };
		47EEEE831F296F1C0015BA6C /* ViewController.swift */ = {isa = PBXFileReference; lastKnownFileType = sourcecode.swift; path = ViewController.swift; sourceTree = "<group>"; };
		47EEEE861F296F1C0015BA6C /* Base */ = {isa = PBXFileReference; lastKnownFileType = file.storyboard; name = Base; path = Base.lproj/Main.storyboard; sourceTree = "<group>"; };
		47EEEE881F296F1C0015BA6C /* Assets.xcassets */ = {isa = PBXFileReference; lastKnownFileType = folder.assetcatalog; path = Assets.xcassets; sourceTree = "<group>"; };
		47EEEE8B1F296F1C0015BA6C /* Base */ = {isa = PBXFileReference; lastKnownFileType = file.storyboard; name = Base; path = Base.lproj/LaunchScreen.storyboard; sourceTree = "<group>"; };
		47EEEE8D1F296F1C0015BA6C /* Info.plist */ = {isa = PBXFileReference; lastKnownFileType = text.plist.xml; path = Info.plist; sourceTree = "<group>"; };
		47EEEE921F296F1C0015BA6C /* ClientTests.xctest */ = {isa = PBXFileReference; explicitFileType = wrapper.cfbundle; includeInIndex = 0; path = ClientTests.xctest; sourceTree = BUILT_PRODUCTS_DIR; };
		47EEEE961F296F1C0015BA6C /* ClientTests.swift */ = {isa = PBXFileReference; lastKnownFileType = sourcecode.swift; path = ClientTests.swift; sourceTree = "<group>"; };
		47EEEE981F296F1C0015BA6C /* Info.plist */ = {isa = PBXFileReference; lastKnownFileType = text.plist.xml; path = Info.plist; sourceTree = "<group>"; };
		47EEEE9D1F296F1C0015BA6C /* ClientUITests.xctest */ = {isa = PBXFileReference; explicitFileType = wrapper.cfbundle; includeInIndex = 0; path = ClientUITests.xctest; sourceTree = BUILT_PRODUCTS_DIR; };
		47EEEEA11F296F1C0015BA6C /* ClientUITests.swift */ = {isa = PBXFileReference; lastKnownFileType = sourcecode.swift; path = ClientUITests.swift; sourceTree = "<group>"; };
		47EEEEA31F296F1C0015BA6C /* Info.plist */ = {isa = PBXFileReference; lastKnownFileType = text.plist.xml; path = Info.plist; sourceTree = "<group>"; };
		47EEEEB11F296F850015BA6C /* ysocket.swift */ = {isa = PBXFileReference; fileEncoding = 4; lastKnownFileType = sourcecode.swift; path = ysocket.swift; sourceTree = "<group>"; };
		47EEEEB21F296F850015BA6C /* ytcpsocket.c */ = {isa = PBXFileReference; fileEncoding = 4; lastKnownFileType = sourcecode.c.c; path = ytcpsocket.c; sourceTree = "<group>"; };
		47EEEEB31F296F850015BA6C /* ytcpsocket.swift */ = {isa = PBXFileReference; fileEncoding = 4; lastKnownFileType = sourcecode.swift; path = ytcpsocket.swift; sourceTree = "<group>"; };
		47EEEEB41F296F850015BA6C /* yudpsocket.c */ = {isa = PBXFileReference; fileEncoding = 4; lastKnownFileType = sourcecode.c.c; path = yudpsocket.c; sourceTree = "<group>"; };
		47EEEEB51F296F850015BA6C /* yudpsocket.swift */ = {isa = PBXFileReference; fileEncoding = 4; lastKnownFileType = sourcecode.swift; path = yudpsocket.swift; sourceTree = "<group>"; };
		47EEEEBB1F296FCC0015BA6C /* JQSocket.swift */ = {isa = PBXFileReference; fileEncoding = 4; lastKnownFileType = sourcecode.swift; path = JQSocket.swift; sourceTree = "<group>"; };
		47EEEEC51F2976E00015BA6C /* IMMessage.proto */ = {isa = PBXFileReference; fileEncoding = 4; lastKnownFileType = text; path = IMMessage.proto; sourceTree = "<group>"; };
		47EEEEC61F2976E00015BA6C /* Immessage.proto.swift */ = {isa = PBXFileReference; fileEncoding = 4; lastKnownFileType = sourcecode.swift; path = Immessage.proto.swift; sourceTree = "<group>"; };
		A441DC52FB7F913441778C78 /* Pods_ClientTests.framework */ = {isa = PBXFileReference; explicitFileType = wrapper.framework; includeInIndex = 0; path = Pods_ClientTests.framework; sourceTree = BUILT_PRODUCTS_DIR; };
		ADA5CEB2F410AE19CBC63B35 /* Pods-Client.debug.xcconfig */ = {isa = PBXFileReference; includeInIndex = 1; lastKnownFileType = text.xcconfig; name = "Pods-Client.debug.xcconfig"; path = "Pods/Target Support Files/Pods-Client/Pods-Client.debug.xcconfig"; sourceTree = "<group>"; };
		D49076C0385C35E433EF5D6B /* Pods_Client.framework */ = {isa = PBXFileReference; explicitFileType = wrapper.framework; includeInIndex = 0; path = Pods_Client.framework; sourceTree = BUILT_PRODUCTS_DIR; };
		F1C765F43F36666D94771B49 /* Pods-Client.release.xcconfig */ = {isa = PBXFileReference; includeInIndex = 1; lastKnownFileType = text.xcconfig; name = "Pods-Client.release.xcconfig"; path = "Pods/Target Support Files/Pods-Client/Pods-Client.release.xcconfig"; sourceTree = "<group>"; };
/* End PBXFileReference section */

/* Begin PBXFrameworksBuildPhase section */
		47EEEE7B1F296F1C0015BA6C /* Frameworks */ = {
			isa = PBXFrameworksBuildPhase;
			buildActionMask = 2147483647;
			files = (
				12F469A0CAD50B1D14E1CE24 /* Pods_Client.framework in Frameworks */,
			);
			runOnlyForDeploymentPostprocessing = 0;
		};
		47EEEE8F1F296F1C0015BA6C /* Frameworks */ = {
			isa = PBXFrameworksBuildPhase;
			buildActionMask = 2147483647;
			files = (
			);
			runOnlyForDeploymentPostprocessing = 0;
		};
		47EEEE9A1F296F1C0015BA6C /* Frameworks */ = {
			isa = PBXFrameworksBuildPhase;
			buildActionMask = 2147483647;
			files = (
			);
			runOnlyForDeploymentPostprocessing = 0;
		};
/* End PBXFrameworksBuildPhase section */

/* Begin PBXGroup section */
		129A3DD2AB2256113A8E9CD1 /* Frameworks */ = {
			isa = PBXGroup;
			children = (
				D49076C0385C35E433EF5D6B /* Pods_Client.framework */,
				A441DC52FB7F913441778C78 /* Pods_ClientTests.framework */,
				2C5CB037EEFD133C916A5804 /* Pods_ClientUITests.framework */,
			);
			name = Frameworks;
			sourceTree = "<group>";
		};
		47EEEE751F296F1C0015BA6C = {
			isa = PBXGroup;
			children = (
				47EEEE801F296F1C0015BA6C /* Client */,
				47EEEE951F296F1C0015BA6C /* ClientTests */,
				47EEEEA01F296F1C0015BA6C /* ClientUITests */,
				47EEEE7F1F296F1C0015BA6C /* Products */,
				4EA10A272DB8C160DEE5E87F /* Pods */,
				129A3DD2AB2256113A8E9CD1 /* Frameworks */,
			);
			sourceTree = "<group>";
		};
		47EEEE7F1F296F1C0015BA6C /* Products */ = {
			isa = PBXGroup;
			children = (
				47EEEE7E1F296F1C0015BA6C /* Client.app */,
				47EEEE921F296F1C0015BA6C /* ClientTests.xctest */,
				47EEEE9D1F296F1C0015BA6C /* ClientUITests.xctest */,
			);
			name = Products;
			sourceTree = "<group>";
		};
		47EEEE801F296F1C0015BA6C /* Client */ = {
			isa = PBXGroup;
			children = (
				47EEEEAF1F296F770015BA6C /* JQSocket */,
				47EEEE811F296F1C0015BA6C /* AppDelegate.swift */,
				47EEEE831F296F1C0015BA6C /* ViewController.swift */,
				47EEEE851F296F1C0015BA6C /* Main.storyboard */,
				47EEEE881F296F1C0015BA6C /* Assets.xcassets */,
				47EEEE8A1F296F1C0015BA6C /* LaunchScreen.storyboard */,
				47EEEE8D1F296F1C0015BA6C /* Info.plist */,
			);
			path = Client;
			sourceTree = "<group>";
		};
		47EEEE951F296F1C0015BA6C /* ClientTests */ = {
			isa = PBXGroup;
			children = (
				47EEEE961F296F1C0015BA6C /* ClientTests.swift */,
				47EEEE981F296F1C0015BA6C /* Info.plist */,
			);
			path = ClientTests;
			sourceTree = "<group>";
		};
		47EEEEA01F296F1C0015BA6C /* ClientUITests */ = {
			isa = PBXGroup;
			children = (
				47EEEEA11F296F1C0015BA6C /* ClientUITests.swift */,
				47EEEEA31F296F1C0015BA6C /* Info.plist */,
			);
			path = ClientUITests;
			sourceTree = "<group>";
		};
		47EEEEAF1F296F770015BA6C /* JQSocket */ = {
			isa = PBXGroup;
			children = (
				47EEEEC51F2976E00015BA6C /* IMMessage.proto */,
				47EEEEC61F2976E00015BA6C /* Immessage.proto.swift */,
				47EEEEB01F296F850015BA6C /* ysocket */,
				47EEEEBB1F296FCC0015BA6C /* JQSocket.swift */,
			);
			path = JQSocket;
			sourceTree = "<group>";
		};
		47EEEEB01F296F850015BA6C /* ysocket */ = {
			isa = PBXGroup;
			children = (
				47EEEEB11F296F850015BA6C /* ysocket.swift */,
				47EEEEB21F296F850015BA6C /* ytcpsocket.c */,
				47EEEEB31F296F850015BA6C /* ytcpsocket.swift */,
				47EEEEB41F296F850015BA6C /* yudpsocket.c */,
				47EEEEB51F296F850015BA6C /* yudpsocket.swift */,
			);
			path = ysocket;
			sourceTree = "<group>";
		};
		4EA10A272DB8C160DEE5E87F /* Pods */ = {
			isa = PBXGroup;
			children = (
				ADA5CEB2F410AE19CBC63B35 /* Pods-Client.debug.xcconfig */,
				F1C765F43F36666D94771B49 /* Pods-Client.release.xcconfig */,
			);
			name = Pods;
			sourceTree = "<group>";
		};
/* End PBXGroup section */

/* Begin PBXNativeTarget section */
		47EEEE7D1F296F1C0015BA6C /* Client */ = {
			isa = PBXNativeTarget;
			buildConfigurationList = 47EEEEA61F296F1C0015BA6C /* Build configuration list for PBXNativeTarget "Client" */;
			buildPhases = (
				14AFDC23651BF88165A37947 /* [CP] Check Pods Manifest.lock */,
				47EEEE7A1F296F1C0015BA6C /* Sources */,
				47EEEE7B1F296F1C0015BA6C /* Frameworks */,
				47EEEE7C1F296F1C0015BA6C /* Resources */,
				A0C78B2977C0EA982562B496 /* [CP] Embed Pods Frameworks */,
				B7DD997DEAE97753D9878A5E /* [CP] Copy Pods Resources */,
			);
			buildRules = (
			);
			dependencies = (
			);
			name = Client;
			productName = Client;
			productReference = 47EEEE7E1F296F1C0015BA6C /* Client.app */;
			productType = "com.apple.product-type.application";
		};
		47EEEE911F296F1C0015BA6C /* ClientTests */ = {
			isa = PBXNativeTarget;
			buildConfigurationList = 47EEEEA91F296F1C0015BA6C /* Build configuration list for PBXNativeTarget "ClientTests" */;
			buildPhases = (
				47EEEE8E1F296F1C0015BA6C /* Sources */,
				47EEEE8F1F296F1C0015BA6C /* Frameworks */,
				47EEEE901F296F1C0015BA6C /* Resources */,
			);
			buildRules = (
			);
			dependencies = (
				47EEEE941F296F1C0015BA6C /* PBXTargetDependency */,
			);
			name = ClientTests;
			productName = ClientTests;
			productReference = 47EEEE921F296F1C0015BA6C /* ClientTests.xctest */;
			productType = "com.apple.product-type.bundle.unit-test";
		};
		47EEEE9C1F296F1C0015BA6C /* ClientUITests */ = {
			isa = PBXNativeTarget;
			buildConfigurationList = 47EEEEAC1F296F1C0015BA6C /* Build configuration list for PBXNativeTarget "ClientUITests" */;
			buildPhases = (
				47EEEE991F296F1C0015BA6C /* Sources */,
				47EEEE9A1F296F1C0015BA6C /* Frameworks */,
				47EEEE9B1F296F1C0015BA6C /* Resources */,
			);
			buildRules = (
			);
			dependencies = (
				47EEEE9F1F296F1C0015BA6C /* PBXTargetDependency */,
			);
			name = ClientUITests;
			productName = ClientUITests;
			productReference = 47EEEE9D1F296F1C0015BA6C /* ClientUITests.xctest */;
			productType = "com.apple.product-type.bundle.ui-testing";
		};
/* End PBXNativeTarget section */

/* Begin PBXProject section */
		47EEEE761F296F1C0015BA6C /* Project object */ = {
			isa = PBXProject;
			attributes = {
				LastSwiftUpdateCheck = 0830;
				LastUpgradeCheck = 0830;
				ORGANIZATIONNAME = HaRi;
				TargetAttributes = {
					47EEEE7D1F296F1C0015BA6C = {
						CreatedOnToolsVersion = 8.3.3;
						DevelopmentTeam = K2K9REBKPR;
						ProvisioningStyle = Automatic;
					};
					47EEEE911F296F1C0015BA6C = {
						CreatedOnToolsVersion = 8.3.3;
						DevelopmentTeam = WTB2BKP7UZ;
						ProvisioningStyle = Automatic;
						TestTargetID = 47EEEE7D1F296F1C0015BA6C;
					};
					47EEEE9C1F296F1C0015BA6C = {
						CreatedOnToolsVersion = 8.3.3;
						DevelopmentTeam = WTB2BKP7UZ;
						ProvisioningStyle = Automatic;
						TestTargetID = 47EEEE7D1F296F1C0015BA6C;
					};
				};
			};
			buildConfigurationList = 47EEEE791F296F1C0015BA6C /* Build configuration list for PBXProject "Client" */;
			compatibilityVersion = "Xcode 3.2";
			developmentRegion = English;
			hasScannedForEncodings = 0;
			knownRegions = (
				en,
				Base,
			);
			mainGroup = 47EEEE751F296F1C0015BA6C;
			productRefGroup = 47EEEE7F1F296F1C0015BA6C /* Products */;
			projectDirPath = "";
			projectRoot = "";
			targets = (
				47EEEE7D1F296F1C0015BA6C /* Client */,
				47EEEE911F296F1C0015BA6C /* ClientTests */,
				47EEEE9C1F296F1C0015BA6C /* ClientUITests */,
			);
		};
/* End PBXProject section */

/* Begin PBXResourcesBuildPhase section */
		47EEEE7C1F296F1C0015BA6C /* Resources */ = {
			isa = PBXResourcesBuildPhase;
			buildActionMask = 2147483647;
			files = (
				47EEEEC71F2976E00015BA6C /* IMMessage.proto in Resources */,
				47EEEE8C1F296F1C0015BA6C /* LaunchScreen.storyboard in Resources */,
				47EEEE891F296F1C0015BA6C /* Assets.xcassets in Resources */,
				47EEEE871F296F1C0015BA6C /* Main.storyboard in Resources */,
			);
			runOnlyForDeploymentPostprocessing = 0;
		};
		47EEEE901F296F1C0015BA6C /* Resources */ = {
			isa = PBXResourcesBuildPhase;
			buildActionMask = 2147483647;
			files = (
			);
			runOnlyForDeploymentPostprocessing = 0;
		};
		47EEEE9B1F296F1C0015BA6C /* Resources */ = {
			isa = PBXResourcesBuildPhase;
			buildActionMask = 2147483647;
			files = (
			);
			runOnlyForDeploymentPostprocessing = 0;
		};
/* End PBXResourcesBuildPhase section */

/* Begin PBXShellScriptBuildPhase section */
		14AFDC23651BF88165A37947 /* [CP] Check Pods Manifest.lock */ = {
			isa = PBXShellScriptBuildPhase;
			buildActionMask = 2147483647;
			files = (
			);
			inputPaths = (
			);
			name = "[CP] Check Pods Manifest.lock";
			outputPaths = (
			);
			runOnlyForDeploymentPostprocessing = 0;
			shellPath = /bin/sh;
			shellScript = "diff \"${PODS_ROOT}/../Podfile.lock\" \"${PODS_ROOT}/Manifest.lock\" > /dev/null\nif [ $? != 0 ] ; then\n    # print error to STDERR\n    echo \"error: The sandbox is not in sync with the Podfile.lock. Run 'pod install' or update your CocoaPods installation.\" >&2\n    exit 1\nfi\n";
			showEnvVarsInLog = 0;
		};
		A0C78B2977C0EA982562B496 /* [CP] Embed Pods Frameworks */ = {
			isa = PBXShellScriptBuildPhase;
			buildActionMask = 2147483647;
			files = (
			);
			inputPaths = (
			);
			name = "[CP] Embed Pods Frameworks";
			outputPaths = (
			);
			runOnlyForDeploymentPostprocessing = 0;
			shellPath = /bin/sh;
			shellScript = "\"${SRCROOT}/Pods/Target Support Files/Pods-Client/Pods-Client-frameworks.sh\"\n";
			showEnvVarsInLog = 0;
		};
		B7DD997DEAE97753D9878A5E /* [CP] Copy Pods Resources */ = {
			isa = PBXShellScriptBuildPhase;
			buildActionMask = 2147483647;
			files = (
			);
			inputPaths = (
			);
			name = "[CP] Copy Pods Resources";
			outputPaths = (
			);
			runOnlyForDeploymentPostprocessing = 0;
			shellPath = /bin/sh;
			shellScript = "\"${SRCROOT}/Pods/Target Support Files/Pods-Client/Pods-Client-resources.sh\"\n";
			showEnvVarsInLog = 0;
		};
/* End PBXShellScriptBuildPhase section */

/* Begin PBXSourcesBuildPhase section */
		47EEEE7A1F296F1C0015BA6C /* Sources */ = {
			isa = PBXSourcesBuildPhase;
			buildActionMask = 2147483647;
			files = (
				47EEEEB61F296F850015BA6C /* ysocket.swift in Sources */,
				47EEEE841F296F1C0015BA6C /* ViewController.swift in Sources */,
				47EEEEB91F296F850015BA6C /* yudpsocket.c in Sources */,
				47EEEEB71F296F850015BA6C /* ytcpsocket.c in Sources */,
				47EEEE821F296F1C0015BA6C /* AppDelegate.swift in Sources */,
				47EEEEBC1F296FCC0015BA6C /* JQSocket.swift in Sources */,
				47EEEEB81F296F850015BA6C /* ytcpsocket.swift in Sources */,
				47EEEEBA1F296F850015BA6C /* yudpsocket.swift in Sources */,
				47EEEEC81F2976E00015BA6C /* Immessage.proto.swift in Sources */,
			);
			runOnlyForDeploymentPostprocessing = 0;
		};
		47EEEE8E1F296F1C0015BA6C /* Sources */ = {
			isa = PBXSourcesBuildPhase;
			buildActionMask = 2147483647;
			files = (
				47EEEE971F296F1C0015BA6C /* ClientTests.swift in Sources */,
			);
			runOnlyForDeploymentPostprocessing = 0;
		};
		47EEEE991F296F1C0015BA6C /* Sources */ = {
			isa = PBXSourcesBuildPhase;
			buildActionMask = 2147483647;
			files = (
				47EEEEA21F296F1C0015BA6C /* ClientUITests.swift in Sources */,
			);
			runOnlyForDeploymentPostprocessing = 0;
		};
/* End PBXSourcesBuildPhase section */

/* Begin PBXTargetDependency section */
		47EEEE941F296F1C0015BA6C /* PBXTargetDependency */ = {
			isa = PBXTargetDependency;
			target = 47EEEE7D1F296F1C0015BA6C /* Client */;
			targetProxy = 47EEEE931F296F1C0015BA6C /* PBXContainerItemProxy */;
		};
		47EEEE9F1F296F1C0015BA6C /* PBXTargetDependency */ = {
			isa = PBXTargetDependency;
			target = 47EEEE7D1F296F1C0015BA6C /* Client */;
			targetProxy = 47EEEE9E1F296F1C0015BA6C /* PBXContainerItemProxy */;
		};
/* End PBXTargetDependency section */

/* Begin PBXVariantGroup section */
		47EEEE851F296F1C0015BA6C /* Main.storyboard */ = {
			isa = PBXVariantGroup;
			children = (
				47EEEE861F296F1C0015BA6C /* Base */,
			);
			name = Main.storyboard;
			sourceTree = "<group>";
		};
		47EEEE8A1F296F1C0015BA6C /* LaunchScreen.storyboard */ = {
			isa = PBXVariantGroup;
			children = (
				47EEEE8B1F296F1C0015BA6C /* Base */,
			);
			name = LaunchScreen.storyboard;
			sourceTree = "<group>";
		};
/* End PBXVariantGroup section */

/* Begin XCBuildConfiguration section */
		47EEEEA41F296F1C0015BA6C /* Debug */ = {
			isa = XCBuildConfiguration;
			buildSettings = {
				ALWAYS_SEARCH_USER_PATHS = NO;
				CLANG_ANALYZER_NONNULL = YES;
				CLANG_ANALYZER_NUMBER_OBJECT_CONVERSION = YES_AGGRESSIVE;
				CLANG_CXX_LANGUAGE_STANDARD = "gnu++0x";
				CLANG_CXX_LIBRARY = "libc++";
				CLANG_ENABLE_MODULES = YES;
				CLANG_ENABLE_OBJC_ARC = YES;
				CLANG_WARN_BOOL_CONVERSION = YES;
				CLANG_WARN_CONSTANT_CONVERSION = YES;
				CLANG_WARN_DIRECT_OBJC_ISA_USAGE = YES_ERROR;
				CLANG_WARN_DOCUMENTATION_COMMENTS = YES;
				CLANG_WARN_EMPTY_BODY = YES;
				CLANG_WARN_ENUM_CONVERSION = YES;
				CLANG_WARN_INFINITE_RECURSION = YES;
				CLANG_WARN_INT_CONVERSION = YES;
				CLANG_WARN_OBJC_ROOT_CLASS = YES_ERROR;
				CLANG_WARN_SUSPICIOUS_MOVE = YES;
				CLANG_WARN_UNREACHABLE_CODE = YES;
				CLANG_WARN__DUPLICATE_METHOD_MATCH = YES;
				"CODE_SIGN_IDENTITY[sdk=iphoneos*]" = "iPhone Developer";
				COPY_PHASE_STRIP = NO;
				DEBUG_INFORMATION_FORMAT = dwarf;
				ENABLE_STRICT_OBJC_MSGSEND = YES;
				ENABLE_TESTABILITY = YES;
				GCC_C_LANGUAGE_STANDARD = gnu99;
				GCC_DYNAMIC_NO_PIC = NO;
				GCC_NO_COMMON_BLOCKS = YES;
				GCC_OPTIMIZATION_LEVEL = 0;
				GCC_PREPROCESSOR_DEFINITIONS = (
					"DEBUG=1",
					"$(inherited)",
				);
				GCC_WARN_64_TO_32_BIT_CONVERSION = YES;
				GCC_WARN_ABOUT_RETURN_TYPE = YES_ERROR;
				GCC_WARN_UNDECLARED_SELECTOR = YES;
				GCC_WARN_UNINITIALIZED_AUTOS = YES_AGGRESSIVE;
				GCC_WARN_UNUSED_FUNCTION = YES;
				GCC_WARN_UNUSED_VARIABLE = YES;
				IPHONEOS_DEPLOYMENT_TARGET = 10.3;
				MTL_ENABLE_DEBUG_INFO = YES;
				ONLY_ACTIVE_ARCH = YES;
				SDKROOT = iphoneos;
				SWIFT_ACTIVE_COMPILATION_CONDITIONS = DEBUG;
				SWIFT_OPTIMIZATION_LEVEL = "-Onone";
				TARGETED_DEVICE_FAMILY = "1,2";
			};
			name = Debug;
		};
		47EEEEA51F296F1C0015BA6C /* Release */ = {
			isa = XCBuildConfiguration;
			buildSettings = {
				ALWAYS_SEARCH_USER_PATHS = NO;
				CLANG_ANALYZER_NONNULL = YES;
				CLANG_ANALYZER_NUMBER_OBJECT_CONVERSION = YES_AGGRESSIVE;
				CLANG_CXX_LANGUAGE_STANDARD = "gnu++0x";
				CLANG_CXX_LIBRARY = "libc++";
				CLANG_ENABLE_MODULES = YES;
				CLANG_ENABLE_OBJC_ARC = YES;
				CLANG_WARN_BOOL_CONVERSION = YES;
				CLANG_WARN_CONSTANT_CONVERSION = YES;
				CLANG_WARN_DIRECT_OBJC_ISA_USAGE = YES_ERROR;
				CLANG_WARN_DOCUMENTATION_COMMENTS = YES;
				CLANG_WARN_EMPTY_BODY = YES;
				CLANG_WARN_ENUM_CONVERSION = YES;
				CLANG_WARN_INFINITE_RECURSION = YES;
				CLANG_WARN_INT_CONVERSION = YES;
				CLANG_WARN_OBJC_ROOT_CLASS = YES_ERROR;
				CLANG_WARN_SUSPICIOUS_MOVE = YES;
				CLANG_WARN_UNREACHABLE_CODE = YES;
				CLANG_WARN__DUPLICATE_METHOD_MATCH = YES;
				"CODE_SIGN_IDENTITY[sdk=iphoneos*]" = "iPhone Developer";
				COPY_PHASE_STRIP = NO;
				DEBUG_INFORMATION_FORMAT = "dwarf-with-dsym";
				ENABLE_NS_ASSERTIONS = NO;
				ENABLE_STRICT_OBJC_MSGSEND = YES;
				GCC_C_LANGUAGE_STANDARD = gnu99;
				GCC_NO_COMMON_BLOCKS = YES;
				GCC_WARN_64_TO_32_BIT_CONVERSION = YES;
				GCC_WARN_ABOUT_RETURN_TYPE = YES_ERROR;
				GCC_WARN_UNDECLARED_SELECTOR = YES;
				GCC_WARN_UNINITIALIZED_AUTOS = YES_AGGRESSIVE;
				GCC_WARN_UNUSED_FUNCTION = YES;
				GCC_WARN_UNUSED_VARIABLE = YES;
				IPHONEOS_DEPLOYMENT_TARGET = 10.3;
				MTL_ENABLE_DEBUG_INFO = NO;
				SDKROOT = iphoneos;
				SWIFT_OPTIMIZATION_LEVEL = "-Owholemodule";
				TARGETED_DEVICE_FAMILY = "1,2";
				VALIDATE_PRODUCT = YES;
			};
			name = Release;
		};
		47EEEEA71F296F1C0015BA6C /* Debug */ = {
			isa = XCBuildConfiguration;
			baseConfigurationReference = ADA5CEB2F410AE19CBC63B35 /* Pods-Client.debug.xcconfig */;
			buildSettings = {
				ASSETCATALOG_COMPILER_APPICON_NAME = AppIcon;
				DEVELOPMENT_TEAM = K2K9REBKPR;
				INFOPLIST_FILE = Client/Info.plist;
				LD_RUNPATH_SEARCH_PATHS = "$(inherited) @executable_path/Frameworks";
				PRODUCT_BUNDLE_IDENTIFIER = HanJunqiang.Client;
				PRODUCT_NAME = "$(TARGET_NAME)";
				SWIFT_VERSION = 3.0;
			};
			name = Debug;
		};
		47EEEEA81F296F1C0015BA6C /* Release */ = {
			isa = XCBuildConfiguration;
			baseConfigurationReference = F1C765F43F36666D94771B49 /* Pods-Client.release.xcconfig */;
			buildSettings = {
				ASSETCATALOG_COMPILER_APPICON_NAME = AppIcon;
				DEVELOPMENT_TEAM = K2K9REBKPR;
				INFOPLIST_FILE = Client/Info.plist;
				LD_RUNPATH_SEARCH_PATHS = "$(inherited) @executable_path/Frameworks";
				PRODUCT_BUNDLE_IDENTIFIER = HanJunqiang.Client;
				PRODUCT_NAME = "$(TARGET_NAME)";
				SWIFT_VERSION = 3.0;
			};
			name = Release;
		};
		47EEEEAA1F296F1C0015BA6C /* Debug */ = {
			isa = XCBuildConfiguration;
			buildSettings = {
				ALWAYS_EMBED_SWIFT_STANDARD_LIBRARIES = YES;
				BUNDLE_LOADER = "$(TEST_HOST)";
				DEVELOPMENT_TEAM = WTB2BKP7UZ;
				INFOPLIST_FILE = ClientTests/Info.plist;
				LD_RUNPATH_SEARCH_PATHS = "$(inherited) @executable_path/Frameworks @loader_path/Frameworks";
				PRODUCT_BUNDLE_IDENTIFIER = HanJunqiang.ClientTests;
				PRODUCT_NAME = "$(TARGET_NAME)";
				SWIFT_VERSION = 3.0;
				TEST_HOST = "$(BUILT_PRODUCTS_DIR)/Client.app/Client";
			};
			name = Debug;
		};
		47EEEEAB1F296F1C0015BA6C /* Release */ = {
			isa = XCBuildConfiguration;
			buildSettings = {
				ALWAYS_EMBED_SWIFT_STANDARD_LIBRARIES = YES;
				BUNDLE_LOADER = "$(TEST_HOST)";
				DEVELOPMENT_TEAM = WTB2BKP7UZ;
				INFOPLIST_FILE = ClientTests/Info.plist;
				LD_RUNPATH_SEARCH_PATHS = "$(inherited) @executable_path/Frameworks @loader_path/Frameworks";
				PRODUCT_BUNDLE_IDENTIFIER = HanJunqiang.ClientTests;
				PRODUCT_NAME = "$(TARGET_NAME)";
				SWIFT_VERSION = 3.0;
				TEST_HOST = "$(BUILT_PRODUCTS_DIR)/Client.app/Client";
			};
			name = Release;
		};
		47EEEEAD1F296F1C0015BA6C /* Debug */ = {
			isa = XCBuildConfiguration;
			buildSettings = {
				ALWAYS_EMBED_SWIFT_STANDARD_LIBRARIES = YES;
				DEVELOPMENT_TEAM = WTB2BKP7UZ;
				INFOPLIST_FILE = ClientUITests/Info.plist;
				LD_RUNPATH_SEARCH_PATHS = "$(inherited) @executable_path/Frameworks @loader_path/Frameworks";
				PRODUCT_BUNDLE_IDENTIFIER = HanJunqiang.ClientUITests;
				PRODUCT_NAME = "$(TARGET_NAME)";
				SWIFT_VERSION = 3.0;
				TEST_TARGET_NAME = Client;
			};
			name = Debug;
		};
		47EEEEAE1F296F1C0015BA6C /* Release */ = {
			isa = XCBuildConfiguration;
			buildSettings = {
				ALWAYS_EMBED_SWIFT_STANDARD_LIBRARIES = YES;
				DEVELOPMENT_TEAM = WTB2BKP7UZ;
				INFOPLIST_FILE = ClientUITests/Info.plist;
				LD_RUNPATH_SEARCH_PATHS = "$(inherited) @executable_path/Frameworks @loader_path/Frameworks";
				PRODUCT_BUNDLE_IDENTIFIER = HanJunqiang.ClientUITests;
				PRODUCT_NAME = "$(TARGET_NAME)";
				SWIFT_VERSION = 3.0;
				TEST_TARGET_NAME = Client;
			};
			name = Release;
		};
/* End XCBuildConfiguration section */

/* Begin XCConfigurationList section */
		47EEEE791F296F1C0015BA6C /* Build configuration list for PBXProject "Client" */ = {
			isa = XCConfigurationList;
			buildConfigurations = (
				47EEEEA41F296F1C0015BA6C /* Debug */,
				47EEEEA51F296F1C0015BA6C /* Release */,
			);
			defaultConfigurationIsVisible = 0;
			defaultConfigurationName = Release;
		};
		47EEEEA61F296F1C0015BA6C /* Build configuration list for PBXNativeTarget "Client" */ = {
			isa = XCConfigurationList;
			buildConfigurations = (
				47EEEEA71F296F1C0015BA6C /* Debug */,
				47EEEEA81F296F1C0015BA6C /* Release */,
			);
			defaultConfigurationIsVisible = 0;
			defaultConfigurationName = Release;
		};
		47EEEEA91F296F1C0015BA6C /* Build configuration list for PBXNativeTarget "ClientTests" */ = {
			isa = XCConfigurationList;
			buildConfigurations = (
				47EEEEAA1F296F1C0015BA6C /* Debug */,
				47EEEEAB1F296F1C0015BA6C /* Release */,
			);
			defaultConfigurationIsVisible = 0;
			defaultConfigurationName = Release;
		};
		47EEEEAC1F296F1C0015BA6C /* Build configuration list for PBXNativeTarget "ClientUITests" */ = {
			isa = XCConfigurationList;
			buildConfigurations = (
				47EEEEAD1F296F1C0015BA6C /* Debug */,
				47EEEEAE1F296F1C0015BA6C /* Release */,
			);
			defaultConfigurationIsVisible = 0;
			defaultConfigurationName = Release;
		};
/* End XCConfigurationList section */
	};
	rootObject = 47EEEE761F296F1C0015BA6C /* Project object */;
}
