PODS:
  - Alamofire (4.0.1)
  - Kingfisher (3.1.4)

DEPENDENCIES:
  - Alamofire (~> 4.0.1)
  - Kingfisher (~> 3.1.1)

SPEC CHECKSUMS:
  Alamofire: 7682d43245de14874acd142ec137b144aa1dd335
  Kingfisher: 6c67e3e57f2d81a9cfdfa25052cd86f33ceac9bb

PODFILE CHECKSUM: 1b45a8f539f9dcc36a12eef0275811de72f170e4

COCOAPODS: 1.1.1
