// !$*UTF8*$!
{
	archiveVersion = 1;
	classes = {
	};
	objectVersion = 46;
	objects = {

/* Begin PBXBuildFile section */
		47D421CF1F171AFB005DEFF0 /* AppDelegate.swift in Sources */ = {isa = PBXBuildFile; fileRef = 47D421CE1F171AFB005DEFF0 /* AppDelegate.swift */; };
		47D421D11F171AFB005DEFF0 /* ViewController.swift in Sources */ = {isa = PBXBuildFile; fileRef = 47D421D01F171AFB005DEFF0 /* ViewController.swift */; };
		47D421D41F171AFB005DEFF0 /* Main.storyboard in Resources */ = {isa = PBXBuildFile; fileRef = 47D421D21F171AFB005DEFF0 /* Main.storyboard */; };
		47D421D61F171AFB005DEFF0 /* Assets.xcassets in Resources */ = {isa = PBXBuildFile; fileRef = 47D421D51F171AFB005DEFF0 /* Assets.xcassets */; };
		47D421D91F171AFB005DEFF0 /* LaunchScreen.storyboard in Resources */ = {isa = PBXBuildFile; fileRef = 47D421D71F171AFB005DEFF0 /* LaunchScreen.storyboard */; };
		47D421E41F171AFB005DEFF0 /* Swift__OC__Tests.swift in Sources */ = {isa = PBXBuildFile; fileRef = 47D421E31F171AFB005DEFF0 /* Swift__OC__Tests.swift */; };
		47D421EF1F171AFB005DEFF0 /* Swift__OC__UITests.swift in Sources */ = {isa = PBXBuildFile; fileRef = 47D421EE1F171AFB005DEFF0 /* Swift__OC__UITests.swift */; };
/* End PBXBuildFile section */

/* Begin PBXContainerItemProxy section */
		47D421E01F171AFB005DEFF0 /* PBXContainerItemProxy */ = {
			isa = PBXContainerItemProxy;
			containerPortal = 47D421C31F171AFB005DEFF0 /* Project object */;
			proxyType = 1;
			remoteGlobalIDString = 47D421CA1F171AFB005DEFF0;
			remoteInfo = "Swift调用OC代码";
		};
		47D421EB1F171AFB005DEFF0 /* PBXContainerItemProxy */ = {
			isa = PBXContainerItemProxy;
			containerPortal = 47D421C31F171AFB005DEFF0 /* Project object */;
			proxyType = 1;
			remoteGlobalIDString = 47D421CA1F171AFB005DEFF0;
			remoteInfo = "Swift调用OC代码";
		};
/* End PBXContainerItemProxy section */

/* Begin PBXFileReference section */
		47D421CB1F171AFB005DEFF0 /* Swift调用OC代码.app */ = {isa = PBXFileReference; explicitFileType = wrapper.application; includeInIndex = 0; path = "Swift调用OC代码.app"; sourceTree = BUILT_PRODUCTS_DIR; };
		47D421CE1F171AFB005DEFF0 /* AppDelegate.swift */ = {isa = PBXFileReference; lastKnownFileType = sourcecode.swift; path = AppDelegate.swift; sourceTree = "<group>"; };
		47D421D01F171AFB005DEFF0 /* ViewController.swift */ = {isa = PBXFileReference; lastKnownFileType = sourcecode.swift; path = ViewController.swift; sourceTree = "<group>"; };
		47D421D31F171AFB005DEFF0 /* Base */ = {isa = PBXFileReference; lastKnownFileType = file.storyboard; name = Base; path = Base.lproj/Main.storyboard; sourceTree = "<group>"; };
		47D421D51F171AFB005DEFF0 /* Assets.xcassets */ = {isa = PBXFileReference; lastKnownFileType = folder.assetcatalog; path = Assets.xcassets; sourceTree = "<group>"; };
		47D421D81F171AFB005DEFF0 /* Base */ = {isa = PBXFileReference; lastKnownFileType = file.storyboard; name = Base; path = Base.lproj/LaunchScreen.storyboard; sourceTree = "<group>"; };
		47D421DA1F171AFB005DEFF0 /* Info.plist */ = {isa = PBXFileReference; lastKnownFileType = text.plist.xml; path = Info.plist; sourceTree = "<group>"; };
		47D421DF1F171AFB005DEFF0 /* Swift调用OC代码Tests.xctest */ = {isa = PBXFileReference; explicitFileType = wrapper.cfbundle; includeInIndex = 0; path = "Swift调用OC代码Tests.xctest"; sourceTree = BUILT_PRODUCTS_DIR; };
		47D421E31F171AFB005DEFF0 /* Swift__OC__Tests.swift */ = {isa = PBXFileReference; lastKnownFileType = sourcecode.swift; path = Swift__OC__Tests.swift; sourceTree = "<group>"; };
		47D421E51F171AFB005DEFF0 /* Info.plist */ = {isa = PBXFileReference; lastKnownFileType = text.plist.xml; path = Info.plist; sourceTree = "<group>"; };
		47D421EA1F171AFB005DEFF0 /* Swift调用OC代码UITests.xctest */ = {isa = PBXFileReference; explicitFileType = wrapper.cfbundle; includeInIndex = 0; path = "Swift调用OC代码UITests.xctest"; sourceTree = BUILT_PRODUCTS_DIR; };
		47D421EE1F171AFB005DEFF0 /* Swift__OC__UITests.swift */ = {isa = PBXFileReference; lastKnownFileType = sourcecode.swift; path = Swift__OC__UITests.swift; sourceTree = "<group>"; };
		47D421F01F171AFB005DEFF0 /* Info.plist */ = {isa = PBXFileReference; lastKnownFileType = text.plist.xml; path = Info.plist; sourceTree = "<group>"; };
/* End PBXFileReference section */

/* Begin PBXFrameworksBuildPhase section */
		47D421C81F171AFB005DEFF0 /* Frameworks */ = {
			isa = PBXFrameworksBuildPhase;
			buildActionMask = 2147483647;
			files = (
			);
			runOnlyForDeploymentPostprocessing = 0;
		};
		47D421DC1F171AFB005DEFF0 /* Frameworks */ = {
			isa = PBXFrameworksBuildPhase;
			buildActionMask = 2147483647;
			files = (
			);
			runOnlyForDeploymentPostprocessing = 0;
		};
		47D421E71F171AFB005DEFF0 /* Frameworks */ = {
			isa = PBXFrameworksBuildPhase;
			buildActionMask = 2147483647;
			files = (
			);
			runOnlyForDeploymentPostprocessing = 0;
		};
/* End PBXFrameworksBuildPhase section */

/* Begin PBXGroup section */
		47D421C21F171AFB005DEFF0 = {
			isa = PBXGroup;
			children = (
				47D421CD1F171AFB005DEFF0 /* Swift调用OC代码 */,
				47D421E21F171AFB005DEFF0 /* Swift调用OC代码Tests */,
				47D421ED1F171AFB005DEFF0 /* Swift调用OC代码UITests */,
				47D421CC1F171AFB005DEFF0 /* Products */,
			);
			sourceTree = "<group>";
		};
		47D421CC1F171AFB005DEFF0 /* Products */ = {
			isa = PBXGroup;
			children = (
				47D421CB1F171AFB005DEFF0 /* Swift调用OC代码.app */,
				47D421DF1F171AFB005DEFF0 /* Swift调用OC代码Tests.xctest */,
				47D421EA1F171AFB005DEFF0 /* Swift调用OC代码UITests.xctest */,
			);
			name = Products;
			sourceTree = "<group>";
		};
		47D421CD1F171AFB005DEFF0 /* Swift调用OC代码 */ = {
			isa = PBXGroup;
			children = (
				47D421CE1F171AFB005DEFF0 /* AppDelegate.swift */,
				47D421D01F171AFB005DEFF0 /* ViewController.swift */,
				47D421D21F171AFB005DEFF0 /* Main.storyboard */,
				47D421D51F171AFB005DEFF0 /* Assets.xcassets */,
				47D421D71F171AFB005DEFF0 /* LaunchScreen.storyboard */,
				47D421DA1F171AFB005DEFF0 /* Info.plist */,
			);
			path = "Swift调用OC代码";
			sourceTree = "<group>";
		};
		47D421E21F171AFB005DEFF0 /* Swift调用OC代码Tests */ = {
			isa = PBXGroup;
			children = (
				47D421E31F171AFB005DEFF0 /* Swift__OC__Tests.swift */,
				47D421E51F171AFB005DEFF0 /* Info.plist */,
			);
			path = "Swift调用OC代码Tests";
			sourceTree = "<group>";
		};
		47D421ED1F171AFB005DEFF0 /* Swift调用OC代码UITests */ = {
			isa = PBXGroup;
			children = (
				47D421EE1F171AFB005DEFF0 /* Swift__OC__UITests.swift */,
				47D421F01F171AFB005DEFF0 /* Info.plist */,
			);
			path = "Swift调用OC代码UITests";
			sourceTree = "<group>";
		};
/* End PBXGroup section */

/* Begin PBXNativeTarget section */
		47D421CA1F171AFB005DEFF0 /* Swift调用OC代码 */ = {
			isa = PBXNativeTarget;
			buildConfigurationList = 47D421F31F171AFB005DEFF0 /* Build configuration list for PBXNativeTarget "Swift调用OC代码" */;
			buildPhases = (
				47D421C71F171AFB005DEFF0 /* Sources */,
				47D421C81F171AFB005DEFF0 /* Frameworks */,
				47D421C91F171AFB005DEFF0 /* Resources */,
			);
			buildRules = (
			);
			dependencies = (
			);
			name = "Swift调用OC代码";
			productName = "Swift调用OC代码";
			productReference = 47D421CB1F171AFB005DEFF0 /* Swift调用OC代码.app */;
			productType = "com.apple.product-type.application";
		};
		47D421DE1F171AFB005DEFF0 /* Swift调用OC代码Tests */ = {
			isa = PBXNativeTarget;
			buildConfigurationList = 47D421F61F171AFB005DEFF0 /* Build configuration list for PBXNativeTarget "Swift调用OC代码Tests" */;
			buildPhases = (
				47D421DB1F171AFB005DEFF0 /* Sources */,
				47D421DC1F171AFB005DEFF0 /* Frameworks */,
				47D421DD1F171AFB005DEFF0 /* Resources */,
			);
			buildRules = (
			);
			dependencies = (
				47D421E11F171AFB005DEFF0 /* PBXTargetDependency */,
			);
			name = "Swift调用OC代码Tests";
			productName = "Swift调用OC代码Tests";
			productReference = 47D421DF1F171AFB005DEFF0 /* Swift调用OC代码Tests.xctest */;
			productType = "com.apple.product-type.bundle.unit-test";
		};
		47D421E91F171AFB005DEFF0 /* Swift调用OC代码UITests */ = {
			isa = PBXNativeTarget;
			buildConfigurationList = 47D421F91F171AFB005DEFF0 /* Build configuration list for PBXNativeTarget "Swift调用OC代码UITests" */;
			buildPhases = (
				47D421E61F171AFB005DEFF0 /* Sources */,
				47D421E71F171AFB005DEFF0 /* Frameworks */,
				47D421E81F171AFB005DEFF0 /* Resources */,
			);
			buildRules = (
			);
			dependencies = (
				47D421EC1F171AFB005DEFF0 /* PBXTargetDependency */,
			);
			name = "Swift调用OC代码UITests";
			productName = "Swift调用OC代码UITests";
			productReference = 47D421EA1F171AFB005DEFF0 /* Swift调用OC代码UITests.xctest */;
			productType = "com.apple.product-type.bundle.ui-testing";
		};
/* End PBXNativeTarget section */

/* Begin PBXProject section */
		47D421C31F171AFB005DEFF0 /* Project object */ = {
			isa = PBXProject;
			attributes = {
				LastSwiftUpdateCheck = 0830;
				LastUpgradeCheck = 0830;
				ORGANIZATIONNAME = HaRi;
				TargetAttributes = {
					47D421CA1F171AFB005DEFF0 = {
						CreatedOnToolsVersion = 8.3.3;
						DevelopmentTeam = WTB2BKP7UZ;
						ProvisioningStyle = Automatic;
					};
					47D421DE1F171AFB005DEFF0 = {
						CreatedOnToolsVersion = 8.3.3;
						DevelopmentTeam = WTB2BKP7UZ;
						ProvisioningStyle = Automatic;
						TestTargetID = 47D421CA1F171AFB005DEFF0;
					};
					47D421E91F171AFB005DEFF0 = {
						CreatedOnToolsVersion = 8.3.3;
						DevelopmentTeam = WTB2BKP7UZ;
						ProvisioningStyle = Automatic;
						TestTargetID = 47D421CA1F171AFB005DEFF0;
					};
				};
			};
			buildConfigurationList = 47D421C61F171AFB005DEFF0 /* Build configuration list for PBXProject "Swift调用OC代码" */;
			compatibilityVersion = "Xcode 3.2";
			developmentRegion = English;
			hasScannedForEncodings = 0;
			knownRegions = (
				en,
				Base,
			);
			mainGroup = 47D421C21F171AFB005DEFF0;
			productRefGroup = 47D421CC1F171AFB005DEFF0 /* Products */;
			projectDirPath = "";
			projectRoot = "";
			targets = (
				47D421CA1F171AFB005DEFF0 /* Swift调用OC代码 */,
				47D421DE1F171AFB005DEFF0 /* Swift调用OC代码Tests */,
				47D421E91F171AFB005DEFF0 /* Swift调用OC代码UITests */,
			);
		};
/* End PBXProject section */

/* Begin PBXResourcesBuildPhase section */
		47D421C91F171AFB005DEFF0 /* Resources */ = {
			isa = PBXResourcesBuildPhase;
			buildActionMask = 2147483647;
			files = (
				47D421D91F171AFB005DEFF0 /* LaunchScreen.storyboard in Resources */,
				47D421D61F171AFB005DEFF0 /* Assets.xcassets in Resources */,
				47D421D41F171AFB005DEFF0 /* Main.storyboard in Resources */,
			);
			runOnlyForDeploymentPostprocessing = 0;
		};
		47D421DD1F171AFB005DEFF0 /* Resources */ = {
			isa = PBXResourcesBuildPhase;
			buildActionMask = 2147483647;
			files = (
			);
			runOnlyForDeploymentPostprocessing = 0;
		};
		47D421E81F171AFB005DEFF0 /* Resources */ = {
			isa = PBXResourcesBuildPhase;
			buildActionMask = 2147483647;
			files = (
			);
			runOnlyForDeploymentPostprocessing = 0;
		};
/* End PBXResourcesBuildPhase section */

/* Begin PBXSourcesBuildPhase section */
		47D421C71F171AFB005DEFF0 /* Sources */ = {
			isa = PBXSourcesBuildPhase;
			buildActionMask = 2147483647;
			files = (
				47D421D11F171AFB005DEFF0 /* ViewController.swift in Sources */,
				47D421CF1F171AFB005DEFF0 /* AppDelegate.swift in Sources */,
			);
			runOnlyForDeploymentPostprocessing = 0;
		};
		47D421DB1F171AFB005DEFF0 /* Sources */ = {
			isa = PBXSourcesBuildPhase;
			buildActionMask = 2147483647;
			files = (
				47D421E41F171AFB005DEFF0 /* Swift__OC__Tests.swift in Sources */,
			);
			runOnlyForDeploymentPostprocessing = 0;
		};
		47D421E61F171AFB005DEFF0 /* Sources */ = {
			isa = PBXSourcesBuildPhase;
			buildActionMask = 2147483647;
			files = (
				47D421EF1F171AFB005DEFF0 /* Swift__OC__UITests.swift in Sources */,
			);
			runOnlyForDeploymentPostprocessing = 0;
		};
/* End PBXSourcesBuildPhase section */

/* Begin PBXTargetDependency section */
		47D421E11F171AFB005DEFF0 /* PBXTargetDependency */ = {
			isa = PBXTargetDependency;
			target = 47D421CA1F171AFB005DEFF0 /* Swift调用OC代码 */;
			targetProxy = 47D421E01F171AFB005DEFF0 /* PBXContainerItemProxy */;
		};
		47D421EC1F171AFB005DEFF0 /* PBXTargetDependency */ = {
			isa = PBXTargetDependency;
			target = 47D421CA1F171AFB005DEFF0 /* Swift调用OC代码 */;
			targetProxy = 47D421EB1F171AFB005DEFF0 /* PBXContainerItemProxy */;
		};
/* End PBXTargetDependency section */

/* Begin PBXVariantGroup section */
		47D421D21F171AFB005DEFF0 /* Main.storyboard */ = {
			isa = PBXVariantGroup;
			children = (
				47D421D31F171AFB005DEFF0 /* Base */,
			);
			name = Main.storyboard;
			sourceTree = "<group>";
		};
		47D421D71F171AFB005DEFF0 /* LaunchScreen.storyboard */ = {
			isa = PBXVariantGroup;
			children = (
				47D421D81F171AFB005DEFF0 /* Base */,
			);
			name = LaunchScreen.storyboard;
			sourceTree = "<group>";
		};
/* End PBXVariantGroup section */

/* Begin XCBuildConfiguration section */
		47D421F11F171AFB005DEFF0 /* Debug */ = {
			isa = XCBuildConfiguration;
			buildSettings = {
				ALWAYS_SEARCH_USER_PATHS = NO;
				CLANG_ANALYZER_NONNULL = YES;
				CLANG_ANALYZER_NUMBER_OBJECT_CONVERSION = YES_AGGRESSIVE;
				CLANG_CXX_LANGUAGE_STANDARD = "gnu++0x";
				CLANG_CXX_LIBRARY = "libc++";
				CLANG_ENABLE_MODULES = YES;
				CLANG_ENABLE_OBJC_ARC = YES;
				CLANG_WARN_BOOL_CONVERSION = YES;
				CLANG_WARN_CONSTANT_CONVERSION = YES;
				CLANG_WARN_DIRECT_OBJC_ISA_USAGE = YES_ERROR;
				CLANG_WARN_DOCUMENTATION_COMMENTS = YES;
				CLANG_WARN_EMPTY_BODY = YES;
				CLANG_WARN_ENUM_CONVERSION = YES;
				CLANG_WARN_INFINITE_RECURSION = YES;
				CLANG_WARN_INT_CONVERSION = YES;
				CLANG_WARN_OBJC_ROOT_CLASS = YES_ERROR;
				CLANG_WARN_SUSPICIOUS_MOVE = YES;
				CLANG_WARN_UNREACHABLE_CODE = YES;
				CLANG_WARN__DUPLICATE_METHOD_MATCH = YES;
				"CODE_SIGN_IDENTITY[sdk=iphoneos*]" = "iPhone Developer";
				COPY_PHASE_STRIP = NO;
				DEBUG_INFORMATION_FORMAT = dwarf;
				ENABLE_STRICT_OBJC_MSGSEND = YES;
				ENABLE_TESTABILITY = YES;
				GCC_C_LANGUAGE_STANDARD = gnu99;
				GCC_DYNAMIC_NO_PIC = NO;
				GCC_NO_COMMON_BLOCKS = YES;
				GCC_OPTIMIZATION_LEVEL = 0;
				GCC_PREPROCESSOR_DEFINITIONS = (
					"DEBUG=1",
					"$(inherited)",
				);
				GCC_WARN_64_TO_32_BIT_CONVERSION = YES;
				GCC_WARN_ABOUT_RETURN_TYPE = YES_ERROR;
				GCC_WARN_UNDECLARED_SELECTOR = YES;
				GCC_WARN_UNINITIALIZED_AUTOS = YES_AGGRESSIVE;
				GCC_WARN_UNUSED_FUNCTION = YES;
				GCC_WARN_UNUSED_VARIABLE = YES;
				IPHONEOS_DEPLOYMENT_TARGET = 10.3;
				MTL_ENABLE_DEBUG_INFO = YES;
				ONLY_ACTIVE_ARCH = YES;
				SDKROOT = iphoneos;
				SWIFT_ACTIVE_COMPILATION_CONDITIONS = DEBUG;
				SWIFT_OPTIMIZATION_LEVEL = "-Onone";
				TARGETED_DEVICE_FAMILY = "1,2";
			};
			name = Debug;
		};
		47D421F21F171AFB005DEFF0 /* Release */ = {
			isa = XCBuildConfiguration;
			buildSettings = {
				ALWAYS_SEARCH_USER_PATHS = NO;
				CLANG_ANALYZER_NONNULL = YES;
				CLANG_ANALYZER_NUMBER_OBJECT_CONVERSION = YES_AGGRESSIVE;
				CLANG_CXX_LANGUAGE_STANDARD = "gnu++0x";
				CLANG_CXX_LIBRARY = "libc++";
				CLANG_ENABLE_MODULES = YES;
				CLANG_ENABLE_OBJC_ARC = YES;
				CLANG_WARN_BOOL_CONVERSION = YES;
				CLANG_WARN_CONSTANT_CONVERSION = YES;
				CLANG_WARN_DIRECT_OBJC_ISA_USAGE = YES_ERROR;
				CLANG_WARN_DOCUMENTATION_COMMENTS = YES;
				CLANG_WARN_EMPTY_BODY = YES;
				CLANG_WARN_ENUM_CONVERSION = YES;
				CLANG_WARN_INFINITE_RECURSION = YES;
				CLANG_WARN_INT_CONVERSION = YES;
				CLANG_WARN_OBJC_ROOT_CLASS = YES_ERROR;
				CLANG_WARN_SUSPICIOUS_MOVE = YES;
				CLANG_WARN_UNREACHABLE_CODE = YES;
				CLANG_WARN__DUPLICATE_METHOD_MATCH = YES;
				"CODE_SIGN_IDENTITY[sdk=iphoneos*]" = "iPhone Developer";
				COPY_PHASE_STRIP = NO;
				DEBUG_INFORMATION_FORMAT = "dwarf-with-dsym";
				ENABLE_NS_ASSERTIONS = NO;
				ENABLE_STRICT_OBJC_MSGSEND = YES;
				GCC_C_LANGUAGE_STANDARD = gnu99;
				GCC_NO_COMMON_BLOCKS = YES;
				GCC_WARN_64_TO_32_BIT_CONVERSION = YES;
				GCC_WARN_ABOUT_RETURN_TYPE = YES_ERROR;
				GCC_WARN_UNDECLARED_SELECTOR = YES;
				GCC_WARN_UNINITIALIZED_AUTOS = YES_AGGRESSIVE;
				GCC_WARN_UNUSED_FUNCTION = YES;
				GCC_WARN_UNUSED_VARIABLE = YES;
				IPHONEOS_DEPLOYMENT_TARGET = 10.3;
				MTL_ENABLE_DEBUG_INFO = NO;
				SDKROOT = iphoneos;
				SWIFT_OPTIMIZATION_LEVEL = "-Owholemodule";
				TARGETED_DEVICE_FAMILY = "1,2";
				VALIDATE_PRODUCT = YES;
			};
			name = Release;
		};
		47D421F41F171AFB005DEFF0 /* Debug */ = {
			isa = XCBuildConfiguration;
			buildSettings = {
				ASSETCATALOG_COMPILER_APPICON_NAME = AppIcon;
				DEVELOPMENT_TEAM = WTB2BKP7UZ;
				INFOPLIST_FILE = "Swift调用OC代码/Info.plist";
				LD_RUNPATH_SEARCH_PATHS = "$(inherited) @executable_path/Frameworks";
				PRODUCT_BUNDLE_IDENTIFIER = "HanJunqiang.Swift--OC--";
				PRODUCT_NAME = "$(TARGET_NAME)";
				SWIFT_VERSION = 3.0;
			};
			name = Debug;
		};
		47D421F51F171AFB005DEFF0 /* Release */ = {
			isa = XCBuildConfiguration;
			buildSettings = {
				ASSETCATALOG_COMPILER_APPICON_NAME = AppIcon;
				DEVELOPMENT_TEAM = WTB2BKP7UZ;
				INFOPLIST_FILE = "Swift调用OC代码/Info.plist";
				LD_RUNPATH_SEARCH_PATHS = "$(inherited) @executable_path/Frameworks";
				PRODUCT_BUNDLE_IDENTIFIER = "HanJunqiang.Swift--OC--";
				PRODUCT_NAME = "$(TARGET_NAME)";
				SWIFT_VERSION = 3.0;
			};
			name = Release;
		};
		47D421F71F171AFB005DEFF0 /* Debug */ = {
			isa = XCBuildConfiguration;
			buildSettings = {
				ALWAYS_EMBED_SWIFT_STANDARD_LIBRARIES = YES;
				BUNDLE_LOADER = "$(TEST_HOST)";
				DEVELOPMENT_TEAM = WTB2BKP7UZ;
				INFOPLIST_FILE = "Swift调用OC代码Tests/Info.plist";
				LD_RUNPATH_SEARCH_PATHS = "$(inherited) @executable_path/Frameworks @loader_path/Frameworks";
				PRODUCT_BUNDLE_IDENTIFIER = "HanJunqiang.Swift--OC--Tests";
				PRODUCT_NAME = "$(TARGET_NAME)";
				SWIFT_VERSION = 3.0;
				TEST_HOST = "$(BUILT_PRODUCTS_DIR)/Swift调用OC代码.app/Swift调用OC代码";
			};
			name = Debug;
		};
		47D421F81F171AFB005DEFF0 /* Release */ = {
			isa = XCBuildConfiguration;
			buildSettings = {
				ALWAYS_EMBED_SWIFT_STANDARD_LIBRARIES = YES;
				BUNDLE_LOADER = "$(TEST_HOST)";
				DEVELOPMENT_TEAM = WTB2BKP7UZ;
				INFOPLIST_FILE = "Swift调用OC代码Tests/Info.plist";
				LD_RUNPATH_SEARCH_PATHS = "$(inherited) @executable_path/Frameworks @loader_path/Frameworks";
				PRODUCT_BUNDLE_IDENTIFIER = "HanJunqiang.Swift--OC--Tests";
				PRODUCT_NAME = "$(TARGET_NAME)";
				SWIFT_VERSION = 3.0;
				TEST_HOST = "$(BUILT_PRODUCTS_DIR)/Swift调用OC代码.app/Swift调用OC代码";
			};
			name = Release;
		};
		47D421FA1F171AFB005DEFF0 /* Debug */ = {
			isa = XCBuildConfiguration;
			buildSettings = {
				ALWAYS_EMBED_SWIFT_STANDARD_LIBRARIES = YES;
				DEVELOPMENT_TEAM = WTB2BKP7UZ;
				INFOPLIST_FILE = "Swift调用OC代码UITests/Info.plist";
				LD_RUNPATH_SEARCH_PATHS = "$(inherited) @executable_path/Frameworks @loader_path/Frameworks";
				PRODUCT_BUNDLE_IDENTIFIER = "HanJunqiang.Swift--OC--UITests";
				PRODUCT_NAME = "$(TARGET_NAME)";
				SWIFT_VERSION = 3.0;
				TEST_TARGET_NAME = "Swift调用OC代码";
			};
			name = Debug;
		};
		47D421FB1F171AFB005DEFF0 /* Release */ = {
			isa = XCBuildConfiguration;
			buildSettings = {
				ALWAYS_EMBED_SWIFT_STANDARD_LIBRARIES = YES;
				DEVELOPMENT_TEAM = WTB2BKP7UZ;
				INFOPLIST_FILE = "Swift调用OC代码UITests/Info.plist";
				LD_RUNPATH_SEARCH_PATHS = "$(inherited) @executable_path/Frameworks @loader_path/Frameworks";
				PRODUCT_BUNDLE_IDENTIFIER = "HanJunqiang.Swift--OC--UITests";
				PRODUCT_NAME = "$(TARGET_NAME)";
				SWIFT_VERSION = 3.0;
				TEST_TARGET_NAME = "Swift调用OC代码";
			};
			name = Release;
		};
/* End XCBuildConfiguration section */

/* Begin XCConfigurationList section */
		47D421C61F171AFB005DEFF0 /* Build configuration list for PBXProject "Swift调用OC代码" */ = {
			isa = XCConfigurationList;
			buildConfigurations = (
				47D421F11F171AFB005DEFF0 /* Debug */,
				47D421F21F171AFB005DEFF0 /* Release */,
			);
			defaultConfigurationIsVisible = 0;
			defaultConfigurationName = Release;
		};
		47D421F31F171AFB005DEFF0 /* Build configuration list for PBXNativeTarget "Swift调用OC代码" */ = {
			isa = XCConfigurationList;
			buildConfigurations = (
				47D421F41F171AFB005DEFF0 /* Debug */,
				47D421F51F171AFB005DEFF0 /* Release */,
			);
			defaultConfigurationIsVisible = 0;
		};
		47D421F61F171AFB005DEFF0 /* Build configuration list for PBXNativeTarget "Swift调用OC代码Tests" */ = {
			isa = XCConfigurationList;
			buildConfigurations = (
				47D421F71F171AFB005DEFF0 /* Debug */,
				47D421F81F171AFB005DEFF0 /* Release */,
			);
			defaultConfigurationIsVisible = 0;
		};
		47D421F91F171AFB005DEFF0 /* Build configuration list for PBXNativeTarget "Swift调用OC代码UITests" */ = {
			isa = XCConfigurationList;
			buildConfigurations = (
				47D421FA1F171AFB005DEFF0 /* Debug */,
				47D421FB1F171AFB005DEFF0 /* Release */,
			);
			defaultConfigurationIsVisible = 0;
		};
/* End XCConfigurationList section */
	};
	rootObject = 47D421C31F171AFB005DEFF0 /* Project object */;
}
